
Microsoft Visual Studio Solution File, Format Version 12.00
# Visual Studio Version 17
VisualStudioVersion = 17.14.36221.1 d17.14
MinimumVisualStudioVersion = 10.0.40219.1
Project("{FAE04EC0-301F-11D3-BF4B-00C04F79EFBC}") = "Calculator", "Calculator\Calculator.csproj", "{692BB27E-E5F7-42C4-A328-5C3F5BF618CC}"
EndProject
Global
	GlobalSection(SolutionConfigurationPlatforms) = preSolution
		Debug|Any CPU = Debug|Any CPU
		Release|Any CPU = Release|Any CPU
	EndGlobalSection
	GlobalSection(ProjectConfigurationPlatforms) = postSolution
		{692BB27E-E5F7-42C4-A328-5C3F5BF618CC}.Debug|Any CPU.ActiveCfg = Debug|Any CPU
		{692BB27E-E5F7-42C4-A328-5C3F5BF618CC}.Debug|Any CPU.Build.0 = Debug|Any CPU
		{692BB27E-E5F7-42C4-A328-5C3F5BF618CC}.Release|Any CPU.ActiveCfg = Release|Any CPU
		{692BB27E-E5F7-42C4-A328-5C3F5BF618CC}.Release|Any CPU.Build.0 = Release|Any CPU
	EndGlobalSection
	GlobalSection(SolutionProperties) = preSolution
		HideSolutionNode = FALSE
	EndGlobalSection
	GlobalSection(ExtensibilityGlobals) = postSolution
		SolutionGuid = {6D8832F2-34AF-4103-8B15-994C1B72D5BA}
	EndGlobalSection
EndGlobal
